
Microsoft Visual Studio Solution File, Format Version 12.00
# Visual Studio Version 16
VisualStudioVersion = 16.0.31727.386
MinimumVisualStudioVersion = 10.0.40219.1
Project("{FAE04EC0-301F-11D3-BF4B-00C04F79EFBC}") = "GuitarBuddy", "GuitarBuddy\GuitarBuddy.csproj", "{35AA1D51-1B3A-406D-9EE9-4284CEAE68D6}"
EndProject
Project("{9A19103F-16F7-4668-BE54-9A1E7A4F7556}") = "LogicLayer", "..\SoundDetection\LogicLayer\LogicLayer.csproj", "{758B244F-ECE5-4F3D-8988-CE047664E53C}"
EndProject
Global
	GlobalSection(SolutionConfigurationPlatforms) = preSolution
		Debug|Any CPU = Debug|Any CPU
		Release|Any CPU = Release|Any CPU
	EndGlobalSection
	GlobalSection(ProjectConfigurationPlatforms) = postSolution
		{35AA1D51-1B3A-406D-9EE9-4284CEAE68D6}.Debug|Any CPU.ActiveCfg = Debug|Any CPU
		{35AA1D51-1B3A-406D-9EE9-4284CEAE68D6}.Debug|Any CPU.Build.0 = Debug|Any CPU
		{35AA1D51-1B3A-406D-9EE9-4284CEAE68D6}.Release|Any CPU.ActiveCfg = Release|Any CPU
		{35AA1D51-1B3A-406D-9EE9-4284CEAE68D6}.Release|Any CPU.Build.0 = Release|Any CPU
		{758B244F-ECE5-4F3D-8988-CE047664E53C}.Debug|Any CPU.ActiveCfg = Debug|Any CPU
		{758B244F-ECE5-4F3D-8988-CE047664E53C}.Debug|Any CPU.Build.0 = Debug|Any CPU
		{758B244F-ECE5-4F3D-8988-CE047664E53C}.Release|Any CPU.ActiveCfg = Release|Any CPU
		{758B244F-ECE5-4F3D-8988-CE047664E53C}.Release|Any CPU.Build.0 = Release|Any CPU
	EndGlobalSection
	GlobalSection(SolutionProperties) = preSolution
		HideSolutionNode = FALSE
	EndGlobalSection
	GlobalSection(ExtensibilityGlobals) = postSolution
		SolutionGuid = {1199B1D0-A7D1-4353-872C-4941881AC8E7}
	EndGlobalSection
EndGlobal
